github.com/counterapi/api v0.58.0 h1:1NSF0DgD7+Futz1xYjYfVW0snFK2vITbELibAKwZpLQ=
github.com/counterapi/api v0.58.0/go.mod h1:YnW9s7YAhAdnAx4JmFu3SyR+hlT8GKH+VLoUjBFyvaI=
github.com/counterapi/api v0.59.0 h1:32KXG75xtlPw1tv/+QwA7LAB8yqDhVvSR6iHJV48fyw=
github.com/counterapi/api v0.59.0/go.mod h1:YnW9s7YAhAdnAx4JmFu3SyR+hlT8GKH+VLoUjBFyvaI=
github.com/counterapi/api v0.61.0 h1:mjQW+ZlqYsDzi/HMIqXqjYh8gSYqAKQ/fZzLx/UpDtk=
github.com/counterapi/api v0.61.0/go.mod h1:YnW9s7YAhAdnAx4JmFu3SyR+hlT8GKH+VLoUjBFyvaI=
github.com/counterapi/api v0.61.1 h1:Uj1mlseaFDTuxrQ9FGXY+u5T5/5QL9zAGRblnrWH55A=
github.com/counterapi/api v0.61.1/go.mod h1:Y8XjrvaO3CcNUIX/cy6EyEKWIapWwQkJW9FWGhNtVJU=
github.com/counterapi/api v0.61.2 h1:Y+UrGxZBIt8xJ8TCcLnUvdLg8+OqKk/HU/ffezFG7T8=
github.com/counterapi/api v0.61.2/go.mod h1:+jJO59eU1r8yPz9IrMxBu29Zmn21qekr8dztmJ1iUdU=
github.com/counterapi/api v0.62.0 h1:Gtrq9ejenX59eFLX8Fgn6Hmc6tehS8QHELBYMsJ86g8=
github.com/counterapi/api v0.62.0/go.mod h1:+jJO59eU1r8yPz9IrMxBu29Zmn21qekr8dztmJ1iUdU=
github.com/counterapi/api v0.66.0 h1:HBWFX1excYBSkOMKc0FmDEScfPYA6CasySnhDnH2sb8=
github.com/counterapi/api v0.66.0/go.mod h1:hWPCu4oEEZukeq0ACCe1Wk5CUI05WZU8I2WOFWQGwDk=
github.com/counterapi/api v0.68.0 h1:TSmx1UxtI8wuAvZNQMWudUgiQGPm6g1y3dVjC9r2pNA=
github.com/counterapi/api v0.68.0/go.mod h1:hWPCu4oEEZukeq0ACCe1Wk5CUI05WZU8I2WOFWQGwDk=
github.com/cpuguy83/go-md2man/v2 v2.0.2/go.mod h1:tgQtvFlXSQOSOSIRvRPT7W67SCa46tRHOmNcaadrF8o=
github.com/inconshreveable/mousetrap v1.1.0 h1:wN+x4NVGpMsO7ErUn/mUI3vEoE6Jt13X2s0bqwp9tc8=
github.com/inconshreveable/mousetrap v1.1.0/go.mod h1:vpF70FUmC8bwa3OWnCshd2FqLfsEA9PFc4w1p2J65bw=
github.com/russross/blackfriday/v2 v2.1.0/go.mod h1:+Rmxgy9KzJVeS9/2gXHxylqXiyQDYRxCVz55jmeOWTM=
github.com/spf13/cobra v1.7.0 h1:hyqWnYt1ZQShIddO5kBpj3vu05/++x6tJ6dg8EC572I=
github.com/spf13/cobra v1.7.0/go.mod h1:uLxZILRyS/50WlhOIKD7W6V5bgeIt+4sICxh6uRMrb0=
github.com/spf13/pflag v1.0.5 h1:iy+VFUOCP1a+8yFto/drg2CJ5u0yRoB7fZw3DKv/JXA=
github.com/spf13/pflag v1.0.5/go.mod h1:McXfInJRrz4CZXVZOBLb0bTZqETkiAhM9Iw0y3An2Bg=
gopkg.in/check.v1 v0.0.0-20161208181325-20d25e280405/go.mod h1:Co6ibVJAznAaIkqp8huTwlJQCZ016jof/cbN4VW5Yz0=
gopkg.in/yaml.v3 v3.0.1/go.mod h1:K4uyk7z7BCEPqu6E+C64Yfv1cQ7kz7rIZviUmN+EgEM=
